// !$*UTF8*$!
{
	archiveVersion = 1;
	classes = {
	};
	objectVersion = 46;
	objects = {

/* Begin PBXBuildFile section */
		605AA4101B36F56200F0D8A3 /* AppDelegate.swift in Sources */ = {isa = PBXBuildFile; fileRef = 605AA40F1B36F56200F0D8A3 /* AppDelegate.swift */; };
		605AA4121B36F56200F0D8A3 /* ViewController.swift in Sources */ = {isa = PBXBuildFile; fileRef = 605AA4111B36F56200F0D8A3 /* ViewController.swift */; };
		605AA4151B36F56200F0D8A3 /* Main.storyboard in Resources */ = {isa = PBXBuildFile; fileRef = 605AA4131B36F56200F0D8A3 /* Main.storyboard */; };
		605AA4171B36F56200F0D8A3 /* Images.xcassets in Resources */ = {isa = PBXBuildFile; fileRef = 605AA4161B36F56200F0D8A3 /* Images.xcassets */; };
		605AA41A1B36F56200F0D8A3 /* LaunchScreen.xib in Resources */ = {isa = PBXBuildFile; fileRef = 605AA4181B36F56200F0D8A3 /* LaunchScreen.xib */; };
		605AA4261B36F56200F0D8A3 /* ModularAppTests.swift in Sources */ = {isa = PBXBuildFile; fileRef = 605AA4251B36F56200F0D8A3 /* ModularAppTests.swift */; };
		605AA4B51B36F68E00F0D8A3 /* AppDelegate+Routing.swift in Sources */ = {isa = PBXBuildFile; fileRef = 605AA4B41B36F68E00F0D8A3 /* AppDelegate+Routing.swift */; };
		605AA4B71B36F69200F0D8A3 /* ApplicationFlowController.swift in Sources */ = {isa = PBXBuildFile; fileRef = 605AA4B61B36F69200F0D8A3 /* ApplicationFlowController.swift */; };
/* End PBXBuildFile section */

/* Begin PBXContainerItemProxy section */
		605AA4201B36F56200F0D8A3 /* PBXContainerItemProxy */ = {
			isa = PBXContainerItemProxy;
			containerPortal = 605AA4021B36F56200F0D8A3 /* Project object */;
			proxyType = 1;
			remoteGlobalIDString = 605AA4091B36F56200F0D8A3;
			remoteInfo = ModularApp;
		};
		605AA4801B36F5A600F0D8A3 /* PBXContainerItemProxy */ = {
			isa = PBXContainerItemProxy;
			containerPortal = 605AA47B1B36F5A600F0D8A3 /* ModularFoundation.xcodeproj */;
			proxyType = 2;
			remoteGlobalIDString = 605AA4391B36F57C00F0D8A3;
			remoteInfo = ModularFoundation;
		};
		605AA4821B36F5A600F0D8A3 /* PBXContainerItemProxy */ = {
			isa = PBXContainerItemProxy;
			containerPortal = 605AA47B1B36F5A600F0D8A3 /* ModularFoundation.xcodeproj */;
			proxyType = 2;
			remoteGlobalIDString = 605AA4441B36F57C00F0D8A3;
			remoteInfo = ModularFoundationTests;
		};
		605AA4891B36F5AC00F0D8A3 /* PBXContainerItemProxy */ = {
			isa = PBXContainerItemProxy;
			containerPortal = 605AA4841B36F5AC00F0D8A3 /* ModularHomeModule.xcodeproj */;
			proxyType = 2;
			remoteGlobalIDString = 605AA45F1B36F58C00F0D8A3;
			remoteInfo = ModularHomeModule;
		};
		605AA48B1B36F5AC00F0D8A3 /* PBXContainerItemProxy */ = {
			isa = PBXContainerItemProxy;
			containerPortal = 605AA4841B36F5AC00F0D8A3 /* ModularHomeModule.xcodeproj */;
			proxyType = 2;
			remoteGlobalIDString = 605AA46A1B36F58C00F0D8A3;
			remoteInfo = ModularHomeModuleTests;
		};
		605AA4B81B36F71900F0D8A3 /* PBXContainerItemProxy */ = {
			isa = PBXContainerItemProxy;
			containerPortal = 605AA47B1B36F5A600F0D8A3 /* ModularFoundation.xcodeproj */;
			proxyType = 1;
			remoteGlobalIDString = 605AA4381B36F57C00F0D8A3;
			remoteInfo = ModularFoundation;
		};
		605AA4BA1B36F71900F0D8A3 /* PBXContainerItemProxy */ = {
			isa = PBXContainerItemProxy;
			containerPortal = 605AA4841B36F5AC00F0D8A3 /* ModularHomeModule.xcodeproj */;
			proxyType = 1;
			remoteGlobalIDString = 605AA45E1B36F58C00F0D8A3;
			remoteInfo = ModularHomeModule;
		};
		605AA51A1B370F1900F0D8A3 /* PBXContainerItemProxy */ = {
			isa = PBXContainerItemProxy;
			containerPortal = 605AA5151B370F1900F0D8A3 /* PlainOldFeatureModule.xcodeproj */;
			proxyType = 2;
			remoteGlobalIDString = 605AA4F91B370F0B00F0D8A3;
			remoteInfo = PlainOldFeatureModule;
		};
		605AA51C1B370F1900F0D8A3 /* PBXContainerItemProxy */ = {
			isa = PBXContainerItemProxy;
			containerPortal = 605AA5151B370F1900F0D8A3 /* PlainOldFeatureModule.xcodeproj */;
			proxyType = 2;
			remoteGlobalIDString = 605AA5041B370F0B00F0D8A3;
			remoteInfo = PlainOldFeatureModuleTests;
		};
		605AA53F1B37124300F0D8A3 /* PBXContainerItemProxy */ = {
			isa = PBXContainerItemProxy;
			containerPortal = 605AA5151B370F1900F0D8A3 /* PlainOldFeatureModule.xcodeproj */;
			proxyType = 1;
			remoteGlobalIDString = 605AA4F81B370F0B00F0D8A3;
			remoteInfo = PlainOldFeatureModule;
		};
/* End PBXContainerItemProxy section */

/* Begin PBXFileReference section */
		605AA40A1B36F56200F0D8A3 /* ModularApp.app */ = {isa = PBXFileReference; explicitFileType = wrapper.application; includeInIndex = 0; path = ModularApp.app; sourceTree = BUILT_PRODUCTS_DIR; };
		605AA40E1B36F56200F0D8A3 /* Info.plist */ = {isa = PBXFileReference; lastKnownFileType = text.plist.xml; path = Info.plist; sourceTree = "<group>"; };
		605AA40F1B36F56200F0D8A3 /* AppDelegate.swift */ = {isa = PBXFileReference; lastKnownFileType = sourcecode.swift; path = AppDelegate.swift; sourceTree = "<group>"; };
		605AA4111B36F56200F0D8A3 /* ViewController.swift */ = {isa = PBXFileReference; lastKnownFileType = sourcecode.swift; path = ViewController.swift; sourceTree = "<group>"; };
		605AA4141B36F56200F0D8A3 /* Base */ = {isa = PBXFileReference; lastKnownFileType = file.storyboard; name = Base; path = Base.lproj/Main.storyboard; sourceTree = "<group>"; };
		605AA4161B36F56200F0D8A3 /* Images.xcassets */ = {isa = PBXFileReference; lastKnownFileType = folder.assetcatalog; path = Images.xcassets; sourceTree = "<group>"; };
		605AA4191B36F56200F0D8A3 /* Base */ = {isa = PBXFileReference; lastKnownFileType = file.xib; name = Base; path = Base.lproj/LaunchScreen.xib; sourceTree = "<group>"; };
		605AA41F1B36F56200F0D8A3 /* ModularAppTests.xctest */ = {isa = PBXFileReference; explicitFileType = wrapper.cfbundle; includeInIndex = 0; path = ModularAppTests.xctest; sourceTree = BUILT_PRODUCTS_DIR; };
		605AA4241B36F56200F0D8A3 /* Info.plist */ = {isa = PBXFileReference; lastKnownFileType = text.plist.xml; path = Info.plist; sourceTree = "<group>"; };
		605AA4251B36F56200F0D8A3 /* ModularAppTests.swift */ = {isa = PBXFileReference; lastKnownFileType = sourcecode.swift; path = ModularAppTests.swift; sourceTree = "<group>"; };
		605AA47B1B36F5A600F0D8A3 /* ModularFoundation.xcodeproj */ = {isa = PBXFileReference; lastKnownFileType = "wrapper.pb-project"; name = ModularFoundation.xcodeproj; path = Modules/ModularFoundation/ModularFoundation.xcodeproj; sourceTree = "<group>"; };
		605AA4841B36F5AC00F0D8A3 /* ModularHomeModule.xcodeproj */ = {isa = PBXFileReference; lastKnownFileType = "wrapper.pb-project"; name = ModularHomeModule.xcodeproj; path = Modules/ModularHomeModule/ModularHomeModule.xcodeproj; sourceTree = "<group>"; };
		605AA4B41B36F68E00F0D8A3 /* AppDelegate+Routing.swift */ = {isa = PBXFileReference; fileEncoding = 4; lastKnownFileType = sourcecode.swift; path = "AppDelegate+Routing.swift"; sourceTree = "<group>"; };
		605AA4B61B36F69200F0D8A3 /* ApplicationFlowController.swift */ = {isa = PBXFileReference; fileEncoding = 4; lastKnownFileType = sourcecode.swift; path = ApplicationFlowController.swift; sourceTree = "<group>"; };
		605AA5151B370F1900F0D8A3 /* PlainOldFeatureModule.xcodeproj */ = {isa = PBXFileReference; lastKnownFileType = "wrapper.pb-project"; name = PlainOldFeatureModule.xcodeproj; path = Modules/PlainOldFeatureModule/PlainOldFeatureModule.xcodeproj; sourceTree = "<group>"; };
/* End PBXFileReference section */

/* Begin PBXFrameworksBuildPhase section */
		605AA4071B36F56200F0D8A3 /* Frameworks */ = {
			isa = PBXFrameworksBuildPhase;
			buildActionMask = 2147483647;
			files = (
			);
			runOnlyForDeploymentPostprocessing = 0;
		};
		605AA41C1B36F56200F0D8A3 /* Frameworks */ = {
			isa = PBXFrameworksBuildPhase;
			buildActionMask = 2147483647;
			files = (
			);
			runOnlyForDeploymentPostprocessing = 0;
		};
/* End PBXFrameworksBuildPhase section */

/* Begin PBXGroup section */
		605AA4011B36F56200F0D8A3 = {
			isa = PBXGroup;
			children = (
				605AA47B1B36F5A600F0D8A3 /* ModularFoundation.xcodeproj */,
				605AA4841B36F5AC00F0D8A3 /* ModularHomeModule.xcodeproj */,
				605AA5151B370F1900F0D8A3 /* PlainOldFeatureModule.xcodeproj */,
				605AA40C1B36F56200F0D8A3 /* ModularApp */,
				605AA4221B36F56200F0D8A3 /* ModularAppTests */,
				605AA40B1B36F56200F0D8A3 /* Products */,
			);
			sourceTree = "<group>";
		};
		605AA40B1B36F56200F0D8A3 /* Products */ = {
			isa = PBXGroup;
			children = (
				605AA40A1B36F56200F0D8A3 /* ModularApp.app */,
				605AA41F1B36F56200F0D8A3 /* ModularAppTests.xctest */,
			);
			name = Products;
			sourceTree = "<group>";
		};
		605AA40C1B36F56200F0D8A3 /* ModularApp */ = {
			isa = PBXGroup;
			children = (
				605AA40F1B36F56200F0D8A3 /* AppDelegate.swift */,
				605AA4B41B36F68E00F0D8A3 /* AppDelegate+Routing.swift */,
				605AA4B61B36F69200F0D8A3 /* ApplicationFlowController.swift */,
				605AA4111B36F56200F0D8A3 /* ViewController.swift */,
				605AA4131B36F56200F0D8A3 /* Main.storyboard */,
				605AA4161B36F56200F0D8A3 /* Images.xcassets */,
				605AA4181B36F56200F0D8A3 /* LaunchScreen.xib */,
				605AA40D1B36F56200F0D8A3 /* Supporting Files */,
			);
			path = ModularApp;
			sourceTree = "<group>";
		};
		605AA40D1B36F56200F0D8A3 /* Supporting Files */ = {
			isa = PBXGroup;
			children = (
				605AA40E1B36F56200F0D8A3 /* Info.plist */,
			);
			name = "Supporting Files";
			sourceTree = "<group>";
		};
		605AA4221B36F56200F0D8A3 /* ModularAppTests */ = {
			isa = PBXGroup;
			children = (
				605AA4251B36F56200F0D8A3 /* ModularAppTests.swift */,
				605AA4231B36F56200F0D8A3 /* Supporting Files */,
			);
			path = ModularAppTests;
			sourceTree = "<group>";
		};
		605AA4231B36F56200F0D8A3 /* Supporting Files */ = {
			isa = PBXGroup;
			children = (
				605AA4241B36F56200F0D8A3 /* Info.plist */,
			);
			name = "Supporting Files";
			sourceTree = "<group>";
		};
		605AA47C1B36F5A600F0D8A3 /* Products */ = {
			isa = PBXGroup;
			children = (
				605AA4811B36F5A600F0D8A3 /* ModularFoundation.framework */,
				605AA4831B36F5A600F0D8A3 /* ModularFoundationTests.xctest */,
			);
			name = Products;
			sourceTree = "<group>";
		};
		605AA4851B36F5AC00F0D8A3 /* Products */ = {
			isa = PBXGroup;
			children = (
				605AA48A1B36F5AC00F0D8A3 /* ModularHomeModule.framework */,
				605AA48C1B36F5AC00F0D8A3 /* ModularHomeModuleTests.xctest */,
			);
			name = Products;
			sourceTree = "<group>";
		};
		605AA5161B370F1900F0D8A3 /* Products */ = {
			isa = PBXGroup;
			children = (
				605AA51B1B370F1900F0D8A3 /* PlainOldFeatureModule.framework */,
				605AA51D1B370F1900F0D8A3 /* PlainOldFeatureModuleTests.xctest */,
			);
			name = Products;
			sourceTree = "<group>";
		};
/* End PBXGroup section */

/* Begin PBXNativeTarget section */
		605AA4091B36F56200F0D8A3 /* ModularApp */ = {
			isa = PBXNativeTarget;
			buildConfigurationList = 605AA4291B36F56200F0D8A3 /* Build configuration list for PBXNativeTarget "ModularApp" */;
			buildPhases = (
				605AA4061B36F56200F0D8A3 /* Sources */,
				605AA4071B36F56200F0D8A3 /* Frameworks */,
				605AA4081B36F56200F0D8A3 /* Resources */,
			);
			buildRules = (
			);
			dependencies = (
				605AA5401B37124300F0D8A3 /* PBXTargetDependency */,
				605AA4B91B36F71900F0D8A3 /* PBXTargetDependency */,
				605AA4BB1B36F71900F0D8A3 /* PBXTargetDependency */,
			);
			name = ModularApp;
			productName = ModularApp;
			productReference = 605AA40A1B36F56200F0D8A3 /* ModularApp.app */;
			productType = "com.apple.product-type.application";
		};
		605AA41E1B36F56200F0D8A3 /* ModularAppTests */ = {
			isa = PBXNativeTarget;
			buildConfigurationList = 605AA42C1B36F56200F0D8A3 /* Build configuration list for PBXNativeTarget "ModularAppTests" */;
			buildPhases = (
				605AA41B1B36F56200F0D8A3 /* Sources */,
				605AA41C1B36F56200F0D8A3 /* Frameworks */,
				605AA41D1B36F56200F0D8A3 /* Resources */,
			);
			buildRules = (
			);
			dependencies = (
				605AA4211B36F56200F0D8A3 /* PBXTargetDependency */,
			);
			name = ModularAppTests;
			productName = ModularAppTests;
			productReference = 605AA41F1B36F56200F0D8A3 /* ModularAppTests.xctest */;
			productType = "com.apple.product-type.bundle.unit-test";
		};
/* End PBXNativeTarget section */

/* Begin PBXProject section */
		605AA4021B36F56200F0D8A3 /* Project object */ = {
			isa = PBXProject;
			attributes = {
				LastSwiftUpdateCheck = 0700;
				LastUpgradeCheck = 0630;
				ORGANIZATIONNAME = "Brice Pollock";
				TargetAttributes = {
					605AA4091B36F56200F0D8A3 = {
						CreatedOnToolsVersion = 6.3.2;
						LastSwiftMigration = 0920;
					};
					605AA41E1B36F56200F0D8A3 = {
						CreatedOnToolsVersion = 6.3.2;
						LastSwiftMigration = 0920;
						TestTargetID = 605AA4091B36F56200F0D8A3;
					};
				};
			};
			buildConfigurationList = 605AA4051B36F56200F0D8A3 /* Build configuration list for PBXProject "ModularApp" */;
			compatibilityVersion = "Xcode 3.2";
			developmentRegion = English;
			hasScannedForEncodings = 0;
			knownRegions = (
				en,
				Base,
			);
			mainGroup = 605AA4011B36F56200F0D8A3;
			productRefGroup = 605AA40B1B36F56200F0D8A3 /* Products */;
			projectDirPath = "";
			projectReferences = (
				{
					ProductGroup = 605AA47C1B36F5A600F0D8A3 /* Products */;
					ProjectRef = 605AA47B1B36F5A600F0D8A3 /* ModularFoundation.xcodeproj */;
				},
				{
					ProductGroup = 605AA4851B36F5AC00F0D8A3 /* Products */;
					ProjectRef = 605AA4841B36F5AC00F0D8A3 /* ModularHomeModule.xcodeproj */;
				},
				{
					ProductGroup = 605AA5161B370F1900F0D8A3 /* Products */;
					ProjectRef = 605AA5151B370F1900F0D8A3 /* PlainOldFeatureModule.xcodeproj */;
				},
			);
			projectRoot = "";
			targets = (
				605AA4091B36F56200F0D8A3 /* ModularApp */,
				605AA41E1B36F56200F0D8A3 /* ModularAppTests */,
			);
		};
/* End PBXProject section */

/* Begin PBXReferenceProxy section */
		605AA4811B36F5A600F0D8A3 /* ModularFoundation.framework */ = {
			isa = PBXReferenceProxy;
			fileType = wrapper.framework;
			path = ModularFoundation.framework;
			remoteRef = 605AA4801B36F5A600F0D8A3 /* PBXContainerItemProxy */;
			sourceTree = BUILT_PRODUCTS_DIR;
		};
		605AA4831B36F5A600F0D8A3 /* ModularFoundationTests.xctest */ = {
			isa = PBXReferenceProxy;
			fileType = wrapper.cfbundle;
			path = ModularFoundationTests.xctest;
			remoteRef = 605AA4821B36F5A600F0D8A3 /* PBXContainerItemProxy */;
			sourceTree = BUILT_PRODUCTS_DIR;
		};
		605AA48A1B36F5AC00F0D8A3 /* ModularHomeModule.framework */ = {
			isa = PBXReferenceProxy;
			fileType = wrapper.framework;
			path = ModularHomeModule.framework;
			remoteRef = 605AA4891B36F5AC00F0D8A3 /* PBXContainerItemProxy */;
			sourceTree = BUILT_PRODUCTS_DIR;
		};
		605AA48C1B36F5AC00F0D8A3 /* ModularHomeModuleTests.xctest */ = {
			isa = PBXReferenceProxy;
			fileType = wrapper.cfbundle;
			path = ModularHomeModuleTests.xctest;
			remoteRef = 605AA48B1B36F5AC00F0D8A3 /* PBXContainerItemProxy */;
			sourceTree = BUILT_PRODUCTS_DIR;
		};
		605AA51B1B370F1900F0D8A3 /* PlainOldFeatureModule.framework */ = {
			isa = PBXReferenceProxy;
			fileType = wrapper.framework;
			path = PlainOldFeatureModule.framework;
			remoteRef = 605AA51A1B370F1900F0D8A3 /* PBXContainerItemProxy */;
			sourceTree = BUILT_PRODUCTS_DIR;
		};
		605AA51D1B370F1900F0D8A3 /* PlainOldFeatureModuleTests.xctest */ = {
			isa = PBXReferenceProxy;
			fileType = wrapper.cfbundle;
			path = PlainOldFeatureModuleTests.xctest;
			remoteRef = 605AA51C1B370F1900F0D8A3 /* PBXContainerItemProxy */;
			sourceTree = BUILT_PRODUCTS_DIR;
		};
/* End PBXReferenceProxy section */

/* Begin PBXResourcesBuildPhase section */
		605AA4081B36F56200F0D8A3 /* Resources */ = {
			isa = PBXResourcesBuildPhase;
			buildActionMask = 2147483647;
			files = (
				605AA4151B36F56200F0D8A3 /* Main.storyboard in Resources */,
				605AA41A1B36F56200F0D8A3 /* LaunchScreen.xib in Resources */,
				605AA4171B36F56200F0D8A3 /* Images.xcassets in Resources */,
			);
			runOnlyForDeploymentPostprocessing = 0;
		};
		605AA41D1B36F56200F0D8A3 /* Resources */ = {
			isa = PBXResourcesBuildPhase;
			buildActionMask = 2147483647;
			files = (
			);
			runOnlyForDeploymentPostprocessing = 0;
		};
/* End PBXResourcesBuildPhase section */

/* Begin PBXSourcesBuildPhase section */
		605AA4061B36F56200F0D8A3 /* Sources */ = {
			isa = PBXSourcesBuildPhase;
			buildActionMask = 2147483647;
			files = (
				605AA4121B36F56200F0D8A3 /* ViewController.swift in Sources */,
				605AA4B51B36F68E00F0D8A3 /* AppDelegate+Routing.swift in Sources */,
				605AA4B71B36F69200F0D8A3 /* ApplicationFlowController.swift in Sources */,
				605AA4101B36F56200F0D8A3 /* AppDelegate.swift in Sources */,
			);
			runOnlyForDeploymentPostprocessing = 0;
		};
		605AA41B1B36F56200F0D8A3 /* Sources */ = {
			isa = PBXSourcesBuildPhase;
			buildActionMask = 2147483647;
			files = (
				605AA4261B36F56200F0D8A3 /* ModularAppTests.swift in Sources */,
			);
			runOnlyForDeploymentPostprocessing = 0;
		};
/* End PBXSourcesBuildPhase section */

/* Begin PBXTargetDependency section */
		605AA4211B36F56200F0D8A3 /* PBXTargetDependency */ = {
			isa = PBXTargetDependency;
			target = 605AA4091B36F56200F0D8A3 /* ModularApp */;
			targetProxy = 605AA4201B36F56200F0D8A3 /* PBXContainerItemProxy */;
		};
		605AA4B91B36F71900F0D8A3 /* PBXTargetDependency */ = {
			isa = PBXTargetDependency;
			name = ModularFoundation;
			targetProxy = 605AA4B81B36F71900F0D8A3 /* PBXContainerItemProxy */;
		};
		605AA4BB1B36F71900F0D8A3 /* PBXTargetDependency */ = {
			isa = PBXTargetDependency;
			name = ModularHomeModule;
			targetProxy = 605AA4BA1B36F71900F0D8A3 /* PBXContainerItemProxy */;
		};
		605AA5401B37124300F0D8A3 /* PBXTargetDependency */ = {
			isa = PBXTargetDependency;
			name = PlainOldFeatureModule;
			targetProxy = 605AA53F1B37124300F0D8A3 /* PBXContainerItemProxy */;
		};
/* End PBXTargetDependency section */

/* Begin PBXVariantGroup section */
		605AA4131B36F56200F0D8A3 /* Main.storyboard */ = {
			isa = PBXVariantGroup;
			children = (
				605AA4141B36F56200F0D8A3 /* Base */,
			);
			name = Main.storyboard;
			sourceTree = "<group>";
		};
		605AA4181B36F56200F0D8A3 /* LaunchScreen.xib */ = {
			isa = PBXVariantGroup;
			children = (
				605AA4191B36F56200F0D8A3 /* Base */,
			);
			name = LaunchScreen.xib;
			sourceTree = "<group>";
		};
/* End PBXVariantGroup section */

/* Begin XCBuildConfiguration section */
		605AA4271B36F56200F0D8A3 /* Debug */ = {
			isa = XCBuildConfiguration;
			buildSettings = {
				ALWAYS_SEARCH_USER_PATHS = NO;
				CLANG_CXX_LANGUAGE_STANDARD = "gnu++0x";
				CLANG_CXX_LIBRARY = "libc++";
				CLANG_ENABLE_MODULES = YES;
				CLANG_ENABLE_OBJC_ARC = YES;
				CLANG_WARN_BOOL_CONVERSION = YES;
				CLANG_WARN_CONSTANT_CONVERSION = YES;
				CLANG_WARN_DIRECT_OBJC_ISA_USAGE = YES_ERROR;
				CLANG_WARN_EMPTY_BODY = YES;
				CLANG_WARN_ENUM_CONVERSION = YES;
				CLANG_WARN_INT_CONVERSION = YES;
				CLANG_WARN_OBJC_ROOT_CLASS = YES_ERROR;
				CLANG_WARN_UNREACHABLE_CODE = YES;
				CLANG_WARN__DUPLICATE_METHOD_MATCH = YES;
				"CODE_SIGN_IDENTITY[sdk=iphoneos*]" = "iPhone Developer";
				COPY_PHASE_STRIP = NO;
				DEBUG_INFORMATION_FORMAT = "dwarf-with-dsym";
				ENABLE_STRICT_OBJC_MSGSEND = YES;
				GCC_C_LANGUAGE_STANDARD = gnu99;
				GCC_DYNAMIC_NO_PIC = NO;
				GCC_NO_COMMON_BLOCKS = YES;
				GCC_OPTIMIZATION_LEVEL = 0;
				GCC_PREPROCESSOR_DEFINITIONS = (
					"DEBUG=1",
					"$(inherited)",
				);
				GCC_SYMBOLS_PRIVATE_EXTERN = NO;
				GCC_WARN_64_TO_32_BIT_CONVERSION = YES;
				GCC_WARN_ABOUT_RETURN_TYPE = YES_ERROR;
				GCC_WARN_UNDECLARED_SELECTOR = YES;
				GCC_WARN_UNINITIALIZED_AUTOS = YES_AGGRESSIVE;
				GCC_WARN_UNUSED_FUNCTION = YES;
				GCC_WARN_UNUSED_VARIABLE = YES;
				IPHONEOS_DEPLOYMENT_TARGET = 8.3;
				MTL_ENABLE_DEBUG_INFO = YES;
				ONLY_ACTIVE_ARCH = YES;
				SDKROOT = iphoneos;
				SWIFT_OPTIMIZATION_LEVEL = "-Onone";
				TARGETED_DEVICE_FAMILY = "1,2";
			};
			name = Debug;
		};
		605AA4281B36F56200F0D8A3 /* Release */ = {
			isa = XCBuildConfiguration;
			buildSettings = {
				ALWAYS_SEARCH_USER_PATHS = NO;
				CLANG_CXX_LANGUAGE_STANDARD = "gnu++0x";
				CLANG_CXX_LIBRARY = "libc++";
				CLANG_ENABLE_MODULES = YES;
				CLANG_ENABLE_OBJC_ARC = YES;
				CLANG_WARN_BOOL_CONVERSION = YES;
				CLANG_WARN_CONSTANT_CONVERSION = YES;
				CLANG_WARN_DIRECT_OBJC_ISA_USAGE = YES_ERROR;
				CLANG_WARN_EMPTY_BODY = YES;
				CLANG_WARN_ENUM_CONVERSION = YES;
				CLANG_WARN_INT_CONVERSION = YES;
				CLANG_WARN_OBJC_ROOT_CLASS = YES_ERROR;
				CLANG_WARN_UNREACHABLE_CODE = YES;
				CLANG_WARN__DUPLICATE_METHOD_MATCH = YES;
				"CODE_SIGN_IDENTITY[sdk=iphoneos*]" = "iPhone Developer";
				COPY_PHASE_STRIP = NO;
				DEBUG_INFORMATION_FORMAT = "dwarf-with-dsym";
				ENABLE_NS_ASSERTIONS = NO;
				ENABLE_STRICT_OBJC_MSGSEND = YES;
				GCC_C_LANGUAGE_STANDARD = gnu99;
				GCC_NO_COMMON_BLOCKS = YES;
				GCC_WARN_64_TO_32_BIT_CONVERSION = YES;
				GCC_WARN_ABOUT_RETURN_TYPE = YES_ERROR;
				GCC_WARN_UNDECLARED_SELECTOR = YES;
				GCC_WARN_UNINITIALIZED_AUTOS = YES_AGGRESSIVE;
				GCC_WARN_UNUSED_FUNCTION = YES;
				GCC_WARN_UNUSED_VARIABLE = YES;
				IPHONEOS_DEPLOYMENT_TARGET = 8.3;
				MTL_ENABLE_DEBUG_INFO = NO;
				SDKROOT = iphoneos;
				TARGETED_DEVICE_FAMILY = "1,2";
				VALIDATE_PRODUCT = YES;
			};
			name = Release;
		};
		605AA42A1B36F56200F0D8A3 /* Debug */ = {
			isa = XCBuildConfiguration;
			buildSettings = {
				ASSETCATALOG_COMPILER_APPICON_NAME = AppIcon;
				INFOPLIST_FILE = ModularApp/Info.plist;
				LD_RUNPATH_SEARCH_PATHS = "$(inherited) @executable_path/Frameworks";
				PRODUCT_NAME = "$(TARGET_NAME)";
				SWIFT_SWIFT3_OBJC_INFERENCE = On;
				SWIFT_VERSION = 4.0;
			};
			name = Debug;
		};
		605AA42B1B36F56200F0D8A3 /* Release */ = {
			isa = XCBuildConfiguration;
			buildSettings = {
				ASSETCATALOG_COMPILER_APPICON_NAME = AppIcon;
				INFOPLIST_FILE = ModularApp/Info.plist;
				LD_RUNPATH_SEARCH_PATHS = "$(inherited) @executable_path/Frameworks";
				PRODUCT_NAME = "$(TARGET_NAME)";
				SWIFT_SWIFT3_OBJC_INFERENCE = On;
				SWIFT_VERSION = 4.0;
			};
			name = Release;
		};
		605AA42D1B36F56200F0D8A3 /* Debug */ = {
			isa = XCBuildConfiguration;
			buildSettings = {
				BUNDLE_LOADER = "$(TEST_HOST)";
				FRAMEWORK_SEARCH_PATHS = (
					"$(SDKROOT)/Developer/Library/Frameworks",
					"$(inherited)",
				);
				GCC_PREPROCESSOR_DEFINITIONS = (
					"DEBUG=1",
					"$(inherited)",
				);
				INFOPLIST_FILE = ModularAppTests/Info.plist;
				LD_RUNPATH_SEARCH_PATHS = "$(inherited) @executable_path/Frameworks @loader_path/Frameworks";
				PRODUCT_NAME = "$(TARGET_NAME)";
				SWIFT_SWIFT3_OBJC_INFERENCE = On;
				SWIFT_VERSION = 4.0;
				TEST_HOST = "$(BUILT_PRODUCTS_DIR)/ModularApp.app/ModularApp";
			};
			name = Debug;
		};
		605AA42E1B36F56200F0D8A3 /* Release */ = {
			isa = XCBuildConfiguration;
			buildSettings = {
				BUNDLE_LOADER = "$(TEST_HOST)";
				FRAMEWORK_SEARCH_PATHS = (
					"$(SDKROOT)/Developer/Library/Frameworks",
					"$(inherited)",
				);
				INFOPLIST_FILE = ModularAppTests/Info.plist;
				LD_RUNPATH_SEARCH_PATHS = "$(inherited) @executable_path/Frameworks @loader_path/Frameworks";
				PRODUCT_NAME = "$(TARGET_NAME)";
				SWIFT_SWIFT3_OBJC_INFERENCE = On;
				SWIFT_VERSION = 4.0;
				TEST_HOST = "$(BUILT_PRODUCTS_DIR)/ModularApp.app/ModularApp";
			};
			name = Release;
		};
/* End XCBuildConfiguration section */

/* Begin XCConfigurationList section */
		605AA4051B36F56200F0D8A3 /* Build configuration list for PBXProject "ModularApp" */ = {
			isa = XCConfigurationList;
			buildConfigurations = (
				605AA4271B36F56200F0D8A3 /* Debug */,
				605AA4281B36F56200F0D8A3 /* Release */,
			);
			defaultConfigurationIsVisible = 0;
			defaultConfigurationName = Release;
		};
		605AA4291B36F56200F0D8A3 /* Build configuration list for PBXNativeTarget "ModularApp" */ = {
			isa = XCConfigurationList;
			buildConfigurations = (
				605AA42A1B36F56200F0D8A3 /* Debug */,
				605AA42B1B36F56200F0D8A3 /* Release */,
			);
			defaultConfigurationIsVisible = 0;
			defaultConfigurationName = Release;
		};
		605AA42C1B36F56200F0D8A3 /* Build configuration list for PBXNativeTarget "ModularAppTests" */ = {
			isa = XCConfigurationList;
			buildConfigurations = (
				605AA42D1B36F56200F0D8A3 /* Debug */,
				605AA42E1B36F56200F0D8A3 /* Release */,
			);
			defaultConfigurationIsVisible = 0;
			defaultConfigurationName = Release;
		};
/* End XCConfigurationList section */
	};
	rootObject = 605AA4021B36F56200F0D8A3 /* Project object */;
}
